
Microsoft Visual Studio Solution File, Format Version 12.00
# Visual Studio 2012
Project("{FAE04EC0-301F-11D3-BF4B-00C04F79EFBC}") = "EasyBuilder", "EasyBuilder\EasyBuilder.csproj", "{91B66F10-A737-4C42-9B9F-6613A28FE2F1}"
EndProject
Project("{FAE04EC0-301F-11D3-BF4B-00C04F79EFBC}") = "EasyBuilder.Tests", "EasyBuilder.Tests\EasyBuilder.Tests.csproj", "{4E76E907-1D0A-4D2D-A54D-F6A5255CB5DC}"
EndProject
Global
	GlobalSection(SolutionConfigurationPlatforms) = preSolution
		Debug|Any CPU = Debug|Any CPU
		Release|Any CPU = Release|Any CPU
	EndGlobalSection
	GlobalSection(ProjectConfigurationPlatforms) = postSolution
		{91B66F10-A737-4C42-9B9F-6613A28FE2F1}.Debug|Any CPU.ActiveCfg = Debug|Any CPU
		{91B66F10-A737-4C42-9B9F-6613A28FE2F1}.Debug|Any CPU.Build.0 = Debug|Any CPU
		{91B66F10-A737-4C42-9B9F-6613A28FE2F1}.Release|Any CPU.ActiveCfg = Release|Any CPU
		{91B66F10-A737-4C42-9B9F-6613A28FE2F1}.Release|Any CPU.Build.0 = Release|Any CPU
		{4E76E907-1D0A-4D2D-A54D-F6A5255CB5DC}.Debug|Any CPU.ActiveCfg = Debug|Any CPU
		{4E76E907-1D0A-4D2D-A54D-F6A5255CB5DC}.Debug|Any CPU.Build.0 = Debug|Any CPU
		{4E76E907-1D0A-4D2D-A54D-F6A5255CB5DC}.Release|Any CPU.ActiveCfg = Release|Any CPU
		{4E76E907-1D0A-4D2D-A54D-F6A5255CB5DC}.Release|Any CPU.Build.0 = Release|Any CPU
	EndGlobalSection
	GlobalSection(SolutionProperties) = preSolution
		HideSolutionNode = FALSE
	EndGlobalSection
EndGlobal
